
Microsoft Visual Studio Solution File, Format Version 12.00
# Visual Studio 15
VisualStudioVersion = 15.0.26124.0
MinimumVisualStudioVersion = 15.0.26124.0
Project("{9A19103F-16F7-4668-BE54-9A1E7A4F7556}") = "IdentityServer", "IdentityServer\IdentityServer.csproj", "{77CA62AD-F02E-4BA7-AC04-CC4207DC8D6B}"
EndProject
Project("{9A19103F-16F7-4668-BE54-9A1E7A4F7556}") = "Api", "Api\Api.csproj", "{451A73AC-41D3-451E-BC5A-741526308E1A}"
EndProject
Project("{9A19103F-16F7-4668-BE54-9A1E7A4F7556}") = "Client", "Client\Client.csproj", "{9DFF19D1-8E37-40FE-BB21-C31DC8873516}"
EndProject
Project("{FAE04EC0-301F-11D3-BF4B-00C04F79EFBC}") = "WebClient", "WebClient\WebClient.csproj", "{82E823A3-6680-4E03-AB5C-58A701A10059}"
EndProject
Global
	GlobalSection(SolutionConfigurationPlatforms) = preSolution
		Debug|Any CPU = Debug|Any CPU
		Debug|x64 = Debug|x64
		Debug|x86 = Debug|x86
		Release|Any CPU = Release|Any CPU
		Release|x64 = Release|x64
		Release|x86 = Release|x86
	EndGlobalSection
	GlobalSection(ProjectConfigurationPlatforms) = postSolution
		{77CA62AD-F02E-4BA7-AC04-CC4207DC8D6B}.Debug|Any CPU.ActiveCfg = Debug|Any CPU
		{77CA62AD-F02E-4BA7-AC04-CC4207DC8D6B}.Debug|Any CPU.Build.0 = Debug|Any CPU
		{77CA62AD-F02E-4BA7-AC04-CC4207DC8D6B}.Debug|x64.ActiveCfg = Debug|Any CPU
		{77CA62AD-F02E-4BA7-AC04-CC4207DC8D6B}.Debug|x64.Build.0 = Debug|Any CPU
		{77CA62AD-F02E-4BA7-AC04-CC4207DC8D6B}.Debug|x86.ActiveCfg = Debug|Any CPU
		{77CA62AD-F02E-4BA7-AC04-CC4207DC8D6B}.Debug|x86.Build.0 = Debug|Any CPU
		{77CA62AD-F02E-4BA7-AC04-CC4207DC8D6B}.Release|Any CPU.ActiveCfg = Release|Any CPU
		{77CA62AD-F02E-4BA7-AC04-CC4207DC8D6B}.Release|Any CPU.Build.0 = Release|Any CPU
		{77CA62AD-F02E-4BA7-AC04-CC4207DC8D6B}.Release|x64.ActiveCfg = Release|Any CPU
		{77CA62AD-F02E-4BA7-AC04-CC4207DC8D6B}.Release|x64.Build.0 = Release|Any CPU
		{77CA62AD-F02E-4BA7-AC04-CC4207DC8D6B}.Release|x86.ActiveCfg = Release|Any CPU
		{77CA62AD-F02E-4BA7-AC04-CC4207DC8D6B}.Release|x86.Build.0 = Release|Any CPU
		{451A73AC-41D3-451E-BC5A-741526308E1A}.Debug|Any CPU.ActiveCfg = Debug|Any CPU
		{451A73AC-41D3-451E-BC5A-741526308E1A}.Debug|Any CPU.Build.0 = Debug|Any CPU
		{451A73AC-41D3-451E-BC5A-741526308E1A}.Debug|x64.ActiveCfg = Debug|Any CPU
		{451A73AC-41D3-451E-BC5A-741526308E1A}.Debug|x64.Build.0 = Debug|Any CPU
		{451A73AC-41D3-451E-BC5A-741526308E1A}.Debug|x86.ActiveCfg = Debug|Any CPU
		{451A73AC-41D3-451E-BC5A-741526308E1A}.Debug|x86.Build.0 = Debug|Any CPU
		{451A73AC-41D3-451E-BC5A-741526308E1A}.Release|Any CPU.ActiveCfg = Release|Any CPU
		{451A73AC-41D3-451E-BC5A-741526308E1A}.Release|Any CPU.Build.0 = Release|Any CPU
		{451A73AC-41D3-451E-BC5A-741526308E1A}.Release|x64.ActiveCfg = Release|Any CPU
		{451A73AC-41D3-451E-BC5A-741526308E1A}.Release|x64.Build.0 = Release|Any CPU
		{451A73AC-41D3-451E-BC5A-741526308E1A}.Release|x86.ActiveCfg = Release|Any CPU
		{451A73AC-41D3-451E-BC5A-741526308E1A}.Release|x86.Build.0 = Release|Any CPU
		{9DFF19D1-8E37-40FE-BB21-C31DC8873516}.Debug|Any CPU.ActiveCfg = Debug|Any CPU
		{9DFF19D1-8E37-40FE-BB21-C31DC8873516}.Debug|Any CPU.Build.0 = Debug|Any CPU
		{9DFF19D1-8E37-40FE-BB21-C31DC8873516}.Debug|x64.ActiveCfg = Debug|Any CPU
		{9DFF19D1-8E37-40FE-BB21-C31DC8873516}.Debug|x64.Build.0 = Debug|Any CPU
		{9DFF19D1-8E37-40FE-BB21-C31DC8873516}.Debug|x86.ActiveCfg = Debug|Any CPU
		{9DFF19D1-8E37-40FE-BB21-C31DC8873516}.Debug|x86.Build.0 = Debug|Any CPU
		{9DFF19D1-8E37-40FE-BB21-C31DC8873516}.Release|Any CPU.ActiveCfg = Release|Any CPU
		{9DFF19D1-8E37-40FE-BB21-C31DC8873516}.Release|Any CPU.Build.0 = Release|Any CPU
		{9DFF19D1-8E37-40FE-BB21-C31DC8873516}.Release|x64.ActiveCfg = Release|Any CPU
		{9DFF19D1-8E37-40FE-BB21-C31DC8873516}.Release|x64.Build.0 = Release|Any CPU
		{9DFF19D1-8E37-40FE-BB21-C31DC8873516}.Release|x86.ActiveCfg = Release|Any CPU
		{9DFF19D1-8E37-40FE-BB21-C31DC8873516}.Release|x86.Build.0 = Release|Any CPU
		{82E823A3-6680-4E03-AB5C-58A701A10059}.Debug|Any CPU.ActiveCfg = Debug|Any CPU
		{82E823A3-6680-4E03-AB5C-58A701A10059}.Debug|Any CPU.Build.0 = Debug|Any CPU
		{82E823A3-6680-4E03-AB5C-58A701A10059}.Debug|x64.ActiveCfg = Debug|Any CPU
		{82E823A3-6680-4E03-AB5C-58A701A10059}.Debug|x64.Build.0 = Debug|Any CPU
		{82E823A3-6680-4E03-AB5C-58A701A10059}.Debug|x86.ActiveCfg = Debug|Any CPU
		{82E823A3-6680-4E03-AB5C-58A701A10059}.Debug|x86.Build.0 = Debug|Any CPU
		{82E823A3-6680-4E03-AB5C-58A701A10059}.Release|Any CPU.ActiveCfg = Release|Any CPU
		{82E823A3-6680-4E03-AB5C-58A701A10059}.Release|Any CPU.Build.0 = Release|Any CPU
		{82E823A3-6680-4E03-AB5C-58A701A10059}.Release|x64.ActiveCfg = Release|Any CPU
		{82E823A3-6680-4E03-AB5C-58A701A10059}.Release|x64.Build.0 = Release|Any CPU
		{82E823A3-6680-4E03-AB5C-58A701A10059}.Release|x86.ActiveCfg = Release|Any CPU
		{82E823A3-6680-4E03-AB5C-58A701A10059}.Release|x86.Build.0 = Release|Any CPU
	EndGlobalSection
	GlobalSection(SolutionProperties) = preSolution
		HideSolutionNode = FALSE
	EndGlobalSection
	GlobalSection(ExtensibilityGlobals) = postSolution
		SolutionGuid = {7C3BB2D5-4B62-49C3-AF3D-9795E8CDC6FA}
	EndGlobalSection
EndGlobal
